
Microsoft Visual Studio Solution File, Format Version 12.00
# Visual Studio Version 17
VisualStudioVersion = 17.9.34728.123
MinimumVisualStudioVersion = 10.0.40219.1
Project("{FAE04EC0-301F-11D3-BF4B-00C04F79EFBC}") = "net-learn-2", "net-learn-2\net-learn-2.csproj", "{55A9B610-5951-4CD8-BE4B-FDE964DE6624}"
EndProject
Global
	GlobalSection(SolutionConfigurationPlatforms) = preSolution
		Debug|Any CPU = Debug|Any CPU
		Release|Any CPU = Release|Any CPU
	EndGlobalSection
	GlobalSection(ProjectConfigurationPlatforms) = postSolution
		{55A9B610-5951-4CD8-BE4B-FDE964DE6624}.Debug|Any CPU.ActiveCfg = Debug|Any CPU
		{55A9B610-5951-4CD8-BE4B-FDE964DE6624}.Debug|Any CPU.Build.0 = Debug|Any CPU
		{55A9B610-5951-4CD8-BE4B-FDE964DE6624}.Release|Any CPU.ActiveCfg = Release|Any CPU
		{55A9B610-5951-4CD8-BE4B-FDE964DE6624}.Release|Any CPU.Build.0 = Release|Any CPU
	EndGlobalSection
	GlobalSection(SolutionProperties) = preSolution
		HideSolutionNode = FALSE
	EndGlobalSection
	GlobalSection(ExtensibilityGlobals) = postSolution
		SolutionGuid = {6A0483FA-67D8-49DD-B335-A6180C0BEE63}
	EndGlobalSection
EndGlobal
